// !$*UTF8*$!
{
	archiveVersion = 1;
	classes = {
	};
	objectVersion = 46;
	objects = {

/* Begin PBXBuildFile section */
		0E7693771EFE048900B847DB /* main.m in Sources */ = {isa = PBXBuildFile; fileRef = 0E7693761EFE048900B847DB /* main.m */; };
		0E76937A1EFE048900B847DB /* AppDelegate.m in Sources */ = {isa = PBXBuildFile; fileRef = 0E7693791EFE048900B847DB /* AppDelegate.m */; };
		0E76937D1EFE048900B847DB /* HomePage.m in Sources */ = {isa = PBXBuildFile; fileRef = 0E76937C1EFE048900B847DB /* HomePage.m */; };
		0E7693821EFE048900B847DB /* Assets.xcassets in Resources */ = {isa = PBXBuildFile; fileRef = 0E7693811EFE048900B847DB /* Assets.xcassets */; };
		0E7693941EFE062000B847DB /* Readme in Resources */ = {isa = PBXBuildFile; fileRef = 0E7693931EFE062000B847DB /* Readme */; };
		0E7693AF1EFE1D3800B847DB /* FxBasePage.m in Sources */ = {isa = PBXBuildFile; fileRef = 0E7693AE1EFE1D3800B847DB /* FxBasePage.m */; };
		0E7693B21EFE1F6200B847DB /* LaunchScreen.storyboard in Resources */ = {isa = PBXBuildFile; fileRef = 0E7693B01EFE1F6200B847DB /* LaunchScreen.storyboard */; };
		0E7693B31EFE1F6200B847DB /* Main.storyboard in Resources */ = {isa = PBXBuildFile; fileRef = 0E7693B11EFE1F6200B847DB /* Main.storyboard */; };
		0E7693B81EFE7BF800B847DB /* BaseInfo.m in Sources */ = {isa = PBXBuildFile; fileRef = 0E7693B71EFE7BF800B847DB /* BaseInfo.m */; };
		0E7693BB1EFE7EC800B847DB /* AdvertInfo.m in Sources */ = {isa = PBXBuildFile; fileRef = 0E7693BA1EFE7EC800B847DB /* AdvertInfo.m */; };
		0E7693C71EFF44E800B847DB /* FxJSON.m in Sources */ = {isa = PBXBuildFile; fileRef = 0E7693BE1EFF44E800B847DB /* FxJSON.m */; settings = {COMPILER_FLAGS = "-fno-objc-arc"; }; };
		0E7693C81EFF44E800B847DB /* FxJsonBase.m in Sources */ = {isa = PBXBuildFile; fileRef = 0E7693C01EFF44E800B847DB /* FxJsonBase.m */; settings = {COMPILER_FLAGS = "-fno-objc-arc"; }; };
		0E7693C91EFF44E800B847DB /* FxJsonParser.m in Sources */ = {isa = PBXBuildFile; fileRef = 0E7693C21EFF44E800B847DB /* FxJsonParser.m */; settings = {COMPILER_FLAGS = "-fno-objc-arc"; }; };
		0E7693CA1EFF44E800B847DB /* FxJsonUtility.m in Sources */ = {isa = PBXBuildFile; fileRef = 0E7693C41EFF44E800B847DB /* FxJsonUtility.m */; settings = {COMPILER_FLAGS = "-fno-objc-arc"; }; };
		0E7693CB1EFF44E800B847DB /* FxJsonWriter.m in Sources */ = {isa = PBXBuildFile; fileRef = 0E7693C61EFF44E800B847DB /* FxJsonWriter.m */; settings = {COMPILER_FLAGS = "-fno-objc-arc"; }; };
/* End PBXBuildFile section */

/* Begin PBXFileReference section */
		0E7693721EFE048900B847DB /* NewsReader.app */ = {isa = PBXFileReference; explicitFileType = wrapper.application; includeInIndex = 0; path = NewsReader.app; sourceTree = BUILT_PRODUCTS_DIR; };
		0E7693761EFE048900B847DB /* main.m */ = {isa = PBXFileReference; lastKnownFileType = sourcecode.c.objc; path = main.m; sourceTree = "<group>"; };
		0E7693781EFE048900B847DB /* AppDelegate.h */ = {isa = PBXFileReference; lastKnownFileType = sourcecode.c.h; path = AppDelegate.h; sourceTree = "<group>"; };
		0E7693791EFE048900B847DB /* AppDelegate.m */ = {isa = PBXFileReference; lastKnownFileType = sourcecode.c.objc; path = AppDelegate.m; sourceTree = "<group>"; };
		0E76937B1EFE048900B847DB /* HomePage.h */ = {isa = PBXFileReference; lastKnownFileType = sourcecode.c.h; path = HomePage.h; sourceTree = "<group>"; };
		0E76937C1EFE048900B847DB /* HomePage.m */ = {isa = PBXFileReference; lastKnownFileType = sourcecode.c.objc; path = HomePage.m; sourceTree = "<group>"; };
		0E7693811EFE048900B847DB /* Assets.xcassets */ = {isa = PBXFileReference; lastKnownFileType = folder.assetcatalog; path = Assets.xcassets; sourceTree = "<group>"; };
		0E7693861EFE048900B847DB /* Info.plist */ = {isa = PBXFileReference; lastKnownFileType = text.plist.xml; path = Info.plist; sourceTree = "<group>"; };
		0E76938C1EFE050000B847DB /* Readme */ = {isa = PBXFileReference; lastKnownFileType = text; path = Readme; sourceTree = "<group>"; };
		0E7693931EFE062000B847DB /* Readme */ = {isa = PBXFileReference; fileEncoding = 4; lastKnownFileType = text; path = Readme; sourceTree = "<group>"; };
		0E7693971EFE068400B847DB /* Defines.h */ = {isa = PBXFileReference; lastKnownFileType = sourcecode.c.h; path = Defines.h; sourceTree = "<group>"; };
		0E7693A91EFE19C300B847DB /* NewsReader-Prefix.pch */ = {isa = PBXFileReference; lastKnownFileType = sourcecode.c.h; path = "NewsReader-Prefix.pch"; sourceTree = "<group>"; };
		0E7693AD1EFE1D3800B847DB /* FxBasePage.h */ = {isa = PBXFileReference; fileEncoding = 4; lastKnownFileType = sourcecode.c.h; path = FxBasePage.h; sourceTree = "<group>"; };
		0E7693AE1EFE1D3800B847DB /* FxBasePage.m */ = {isa = PBXFileReference; fileEncoding = 4; lastKnownFileType = sourcecode.c.objc; path = FxBasePage.m; sourceTree = "<group>"; };
		0E7693B01EFE1F6200B847DB /* LaunchScreen.storyboard */ = {isa = PBXFileReference; fileEncoding = 4; lastKnownFileType = file.storyboard; path = LaunchScreen.storyboard; sourceTree = "<group>"; };
		0E7693B11EFE1F6200B847DB /* Main.storyboard */ = {isa = PBXFileReference; fileEncoding = 4; lastKnownFileType = file.storyboard; path = Main.storyboard; sourceTree = "<group>"; };
		0E7693B61EFE7BF800B847DB /* BaseInfo.h */ = {isa = PBXFileReference; fileEncoding = 4; lastKnownFileType = sourcecode.c.h; path = BaseInfo.h; sourceTree = "<group>"; };
		0E7693B71EFE7BF800B847DB /* BaseInfo.m */ = {isa = PBXFileReference; fileEncoding = 4; lastKnownFileType = sourcecode.c.objc; path = BaseInfo.m; sourceTree = "<group>"; };
		0E7693B91EFE7EC800B847DB /* AdvertInfo.h */ = {isa = PBXFileReference; fileEncoding = 4; lastKnownFileType = sourcecode.c.h; path = AdvertInfo.h; sourceTree = "<group>"; };
		0E7693BA1EFE7EC800B847DB /* AdvertInfo.m */ = {isa = PBXFileReference; fileEncoding = 4; lastKnownFileType = sourcecode.c.objc; path = AdvertInfo.m; sourceTree = "<group>"; };
		0E7693BD1EFF44E800B847DB /* FxJSON.h */ = {isa = PBXFileReference; fileEncoding = 4; lastKnownFileType = sourcecode.c.h; path = FxJSON.h; sourceTree = "<group>"; };
		0E7693BE1EFF44E800B847DB /* FxJSON.m */ = {isa = PBXFileReference; fileEncoding = 4; lastKnownFileType = sourcecode.c.objc; path = FxJSON.m; sourceTree = "<group>"; };
		0E7693BF1EFF44E800B847DB /* FxJsonBase.h */ = {isa = PBXFileReference; fileEncoding = 4; lastKnownFileType = sourcecode.c.h; path = FxJsonBase.h; sourceTree = "<group>"; };
		0E7693C01EFF44E800B847DB /* FxJsonBase.m */ = {isa = PBXFileReference; fileEncoding = 4; lastKnownFileType = sourcecode.c.objc; path = FxJsonBase.m; sourceTree = "<group>"; };
		0E7693C11EFF44E800B847DB /* FxJsonParser.h */ = {isa = PBXFileReference; fileEncoding = 4; lastKnownFileType = sourcecode.c.h; path = FxJsonParser.h; sourceTree = "<group>"; };
		0E7693C21EFF44E800B847DB /* FxJsonParser.m */ = {isa = PBXFileReference; fileEncoding = 4; lastKnownFileType = sourcecode.c.objc; path = FxJsonParser.m; sourceTree = "<group>"; };
		0E7693C31EFF44E800B847DB /* FxJsonUtility.h */ = {isa = PBXFileReference; fileEncoding = 4; lastKnownFileType = sourcecode.c.h; path = FxJsonUtility.h; sourceTree = "<group>"; };
		0E7693C41EFF44E800B847DB /* FxJsonUtility.m */ = {isa = PBXFileReference; fileEncoding = 4; lastKnownFileType = sourcecode.c.objc; path = FxJsonUtility.m; sourceTree = "<group>"; };
		0E7693C51EFF44E800B847DB /* FxJsonWriter.h */ = {isa = PBXFileReference; fileEncoding = 4; lastKnownFileType = sourcecode.c.h; path = FxJsonWriter.h; sourceTree = "<group>"; };
		0E7693C61EFF44E800B847DB /* FxJsonWriter.m */ = {isa = PBXFileReference; fileEncoding = 4; lastKnownFileType = sourcecode.c.objc; path = FxJsonWriter.m; sourceTree = "<group>"; };
		0E7693CC1EFF4A4800B847DB /* URLDefine.h */ = {isa = PBXFileReference; lastKnownFileType = sourcecode.c.h; path = URLDefine.h; sourceTree = "<group>"; };
/* End PBXFileReference section */

/* Begin PBXFrameworksBuildPhase section */
		0E76936F1EFE048900B847DB /* Frameworks */ = {
			isa = PBXFrameworksBuildPhase;
			buildActionMask = 2147483647;
			files = (
			);
			runOnlyForDeploymentPostprocessing = 0;
		};
/* End PBXFrameworksBuildPhase section */

/* Begin PBXGroup section */
		0E7693691EFE048900B847DB = {
			isa = PBXGroup;
			children = (
				0E76938C1EFE050000B847DB /* Readme */,
				0E7693741EFE048900B847DB /* NewsReader */,
				0E7693731EFE048900B847DB /* Products */,
			);
			sourceTree = "<group>";
		};
		0E7693731EFE048900B847DB /* Products */ = {
			isa = PBXGroup;
			children = (
				0E7693721EFE048900B847DB /* NewsReader.app */,
			);
			name = Products;
			sourceTree = "<group>";
		};
		0E7693741EFE048900B847DB /* NewsReader */ = {
			isa = PBXGroup;
			children = (
				0E76938D1EFE055E00B847DB /* Global */,
				0E76938E1EFE057000B847DB /* Controller */,
				0E76938F1EFE058700B847DB /* Model */,
				0E7693901EFE059100B847DB /* Network */,
				0E7693911EFE05AF00B847DB /* DB */,
				0E7693921EFE05EE00B847DB /* Utility */,
				0E7693951EFE065800B847DB /* ThirdSDK */,
				0E7693981EFE06A100B847DB /* Resources */,
				0E76939F1EFE09E600B847DB /* Define */,
				0E7693781EFE048900B847DB /* AppDelegate.h */,
				0E7693791EFE048900B847DB /* AppDelegate.m */,
				0E7693751EFE048900B847DB /* Supporting Files */,
			);
			path = NewsReader;
			sourceTree = "<group>";
		};
		0E7693751EFE048900B847DB /* Supporting Files */ = {
			isa = PBXGroup;
			children = (
				0E7693861EFE048900B847DB /* Info.plist */,
				0E7693761EFE048900B847DB /* main.m */,
				0E7693A91EFE19C300B847DB /* NewsReader-Prefix.pch */,
			);
			name = "Supporting Files";
			sourceTree = "<group>";
		};
		0E76938D1EFE055E00B847DB /* Global */ = {
			isa = PBXGroup;
			children = (
			);
			name = Global;
			sourceTree = "<group>";
		};
		0E76938E1EFE057000B847DB /* Controller */ = {
			isa = PBXGroup;
			children = (
				0E76939B1EFE06E800B847DB /* Cell */,
				0E7693991EFE06C400B847DB /* Page */,
				0E76939A1EFE06CB00B847DB /* Widget */,
			);
			path = Controller;
			sourceTree = "<group>";
		};
		0E76938F1EFE058700B847DB /* Model */ = {
			isa = PBXGroup;
			children = (
				0E7693B61EFE7BF800B847DB /* BaseInfo.h */,
				0E7693B71EFE7BF800B847DB /* BaseInfo.m */,
				0E7693B91EFE7EC800B847DB /* AdvertInfo.h */,
				0E7693BA1EFE7EC800B847DB /* AdvertInfo.m */,
			);
			path = Model;
			sourceTree = "<group>";
		};
		0E7693901EFE059100B847DB /* Network */ = {
			isa = PBXGroup;
			children = (
			);
			name = Network;
			sourceTree = "<group>";
		};
		0E7693911EFE05AF00B847DB /* DB */ = {
			isa = PBXGroup;
			children = (
			);
			name = DB;
			sourceTree = "<group>";
		};
		0E7693921EFE05EE00B847DB /* Utility */ = {
			isa = PBXGroup;
			children = (
				0E7693931EFE062000B847DB /* Readme */,
			);
			name = Utility;
			sourceTree = "<group>";
		};
		0E7693951EFE065800B847DB /* ThirdSDK */ = {
			isa = PBXGroup;
			children = (
				0E7693BC1EFF438000B847DB /* JsonFrameWork */,
			);
			name = ThirdSDK;
			path = ThridSDK;
			sourceTree = "<group>";
		};
		0E7693981EFE06A100B847DB /* Resources */ = {
			isa = PBXGroup;
			children = (
				0E76939C1EFE070000B847DB /* Config */,
				0E76939D1EFE070800B847DB /* Image */,
				0E76939E1EFE071900B847DB /* Xib */,
			);
			path = Resources;
			sourceTree = "<group>";
		};
		0E7693991EFE06C400B847DB /* Page */ = {
			isa = PBXGroup;
			children = (
				0E7693AD1EFE1D3800B847DB /* FxBasePage.h */,
				0E7693AE1EFE1D3800B847DB /* FxBasePage.m */,
				0E76937B1EFE048900B847DB /* HomePage.h */,
				0E76937C1EFE048900B847DB /* HomePage.m */,
			);
			path = Page;
			sourceTree = "<group>";
		};
		0E76939A1EFE06CB00B847DB /* Widget */ = {
			isa = PBXGroup;
			children = (
			);
			name = Widget;
			sourceTree = "<group>";
		};
		0E76939B1EFE06E800B847DB /* Cell */ = {
			isa = PBXGroup;
			children = (
			);
			name = Cell;
			sourceTree = "<group>";
		};
		0E76939C1EFE070000B847DB /* Config */ = {
			isa = PBXGroup;
			children = (
			);
			path = Config;
			sourceTree = "<group>";
		};
		0E76939D1EFE070800B847DB /* Image */ = {
			isa = PBXGroup;
			children = (
				0E7693811EFE048900B847DB /* Assets.xcassets */,
			);
			path = Image;
			sourceTree = "<group>";
		};
		0E76939E1EFE071900B847DB /* Xib */ = {
			isa = PBXGroup;
			children = (
				0E7693B01EFE1F6200B847DB /* LaunchScreen.storyboard */,
				0E7693B11EFE1F6200B847DB /* Main.storyboard */,
			);
			path = Xib;
			sourceTree = "<group>";
		};
		0E76939F1EFE09E600B847DB /* Define */ = {
			isa = PBXGroup;
			children = (
				0E7693971EFE068400B847DB /* Defines.h */,
				0E7693CC1EFF4A4800B847DB /* URLDefine.h */,
			);
			path = Define;
			sourceTree = "<group>";
		};
		0E7693BC1EFF438000B847DB /* JsonFrameWork */ = {
			isa = PBXGroup;
			children = (
				0E7693BD1EFF44E800B847DB /* FxJSON.h */,
				0E7693BE1EFF44E800B847DB /* FxJSON.m */,
				0E7693BF1EFF44E800B847DB /* FxJsonBase.h */,
				0E7693C01EFF44E800B847DB /* FxJsonBase.m */,
				0E7693C11EFF44E800B847DB /* FxJsonParser.h */,
				0E7693C21EFF44E800B847DB /* FxJsonParser.m */,
				0E7693C31EFF44E800B847DB /* FxJsonUtility.h */,
				0E7693C41EFF44E800B847DB /* FxJsonUtility.m */,
				0E7693C51EFF44E800B847DB /* FxJsonWriter.h */,
				0E7693C61EFF44E800B847DB /* FxJsonWriter.m */,
			);
			name = JsonFrameWork;
			path = JsonFramework;
			sourceTree = "<group>";
		};
/* End PBXGroup section */

/* Begin PBXNativeTarget section */
		0E7693711EFE048900B847DB /* NewsReader */ = {
			isa = PBXNativeTarget;
			buildConfigurationList = 0E7693891EFE048900B847DB /* Build configuration list for PBXNativeTarget "NewsReader" */;
			buildPhases = (
				0E76936E1EFE048900B847DB /* Sources */,
				0E76936F1EFE048900B847DB /* Frameworks */,
				0E7693701EFE048900B847DB /* Resources */,
			);
			buildRules = (
			);
			dependencies = (
			);
			name = NewsReader;
			productName = NewsReader;
			productReference = 0E7693721EFE048900B847DB /* NewsReader.app */;
			productType = "com.apple.product-type.application";
		};
/* End PBXNativeTarget section */

/* Begin PBXProject section */
		0E76936A1EFE048900B847DB /* Project object */ = {
			isa = PBXProject;
			attributes = {
				LastUpgradeCheck = 0830;
				ORGANIZATIONNAME = lee;
				TargetAttributes = {
					0E7693711EFE048900B847DB = {
						CreatedOnToolsVersion = 8.3.2;
						DevelopmentTeam = W6K43KA5J6;
						ProvisioningStyle = Automatic;
					};
				};
			};
			buildConfigurationList = 0E76936D1EFE048900B847DB /* Build configuration list for PBXProject "NewsReader" */;
			compatibilityVersion = "Xcode 3.2";
			developmentRegion = English;
			hasScannedForEncodings = 0;
			knownRegions = (
				en,
				Base,
			);
			mainGroup = 0E7693691EFE048900B847DB;
			productRefGroup = 0E7693731EFE048900B847DB /* Products */;
			projectDirPath = "";
			projectRoot = "";
			targets = (
				0E7693711EFE048900B847DB /* NewsReader */,
			);
		};
/* End PBXProject section */

/* Begin PBXResourcesBuildPhase section */
		0E7693701EFE048900B847DB /* Resources */ = {
			isa = PBXResourcesBuildPhase;
			buildActionMask = 2147483647;
			files = (
				0E7693B21EFE1F6200B847DB /* LaunchScreen.storyboard in Resources */,
				0E7693941EFE062000B847DB /* Readme in Resources */,
				0E7693821EFE048900B847DB /* Assets.xcassets in Resources */,
				0E7693B31EFE1F6200B847DB /* Main.storyboard in Resources */,
			);
			runOnlyForDeploymentPostprocessing = 0;
		};
/* End PBXResourcesBuildPhase section */

/* Begin PBXSourcesBuildPhase section */
		0E76936E1EFE048900B847DB /* Sources */ = {
			isa = PBXSourcesBuildPhase;
			buildActionMask = 2147483647;
			files = (
				0E76937D1EFE048900B847DB /* HomePage.m in Sources */,
				0E7693AF1EFE1D3800B847DB /* FxBasePage.m in Sources */,
				0E7693C81EFF44E800B847DB /* FxJsonBase.m in Sources */,
				0E7693C71EFF44E800B847DB /* FxJSON.m in Sources */,
				0E7693CA1EFF44E800B847DB /* FxJsonUtility.m in Sources */,
				0E7693B81EFE7BF800B847DB /* BaseInfo.m in Sources */,
				0E7693C91EFF44E800B847DB /* FxJsonParser.m in Sources */,
				0E76937A1EFE048900B847DB /* AppDelegate.m in Sources */,
				0E7693CB1EFF44E800B847DB /* FxJsonWriter.m in Sources */,
				0E7693771EFE048900B847DB /* main.m in Sources */,
				0E7693BB1EFE7EC800B847DB /* AdvertInfo.m in Sources */,
			);
			runOnlyForDeploymentPostprocessing = 0;
		};
/* End PBXSourcesBuildPhase section */

/* Begin XCBuildConfiguration section */
		0E7693871EFE048900B847DB /* Debug */ = {
			isa = XCBuildConfiguration;
			buildSettings = {
				ALWAYS_SEARCH_USER_PATHS = NO;
				CLANG_ANALYZER_NONNULL = YES;
				CLANG_ANALYZER_NUMBER_OBJECT_CONVERSION = YES_AGGRESSIVE;
				CLANG_CXX_LANGUAGE_STANDARD = "gnu++0x";
				CLANG_CXX_LIBRARY = "libc++";
				CLANG_ENABLE_MODULES = YES;
				CLANG_ENABLE_OBJC_ARC = YES;
				CLANG_WARN_BOOL_CONVERSION = YES;
				CLANG_WARN_CONSTANT_CONVERSION = YES;
				CLANG_WARN_DIRECT_OBJC_ISA_USAGE = YES_ERROR;
				CLANG_WARN_DOCUMENTATION_COMMENTS = YES;
				CLANG_WARN_EMPTY_BODY = YES;
				CLANG_WARN_ENUM_CONVERSION = YES;
				CLANG_WARN_INFINITE_RECURSION = YES;
				CLANG_WARN_INT_CONVERSION = YES;
				CLANG_WARN_OBJC_ROOT_CLASS = YES_ERROR;
				CLANG_WARN_SUSPICIOUS_MOVE = YES;
				CLANG_WARN_UNREACHABLE_CODE = YES;
				CLANG_WARN__DUPLICATE_METHOD_MATCH = YES;
				"CODE_SIGN_IDENTITY[sdk=iphoneos*]" = "iPhone Developer";
				COPY_PHASE_STRIP = NO;
				DEBUG_INFORMATION_FORMAT = dwarf;
				ENABLE_STRICT_OBJC_MSGSEND = YES;
				ENABLE_TESTABILITY = YES;
				GCC_C_LANGUAGE_STANDARD = gnu99;
				GCC_DYNAMIC_NO_PIC = NO;
				GCC_NO_COMMON_BLOCKS = YES;
				GCC_OPTIMIZATION_LEVEL = 0;
				GCC_PREPROCESSOR_DEFINITIONS = (
					"DEBUG=1",
					"$(inherited)",
				);
				GCC_WARN_64_TO_32_BIT_CONVERSION = YES;
				GCC_WARN_ABOUT_RETURN_TYPE = YES_ERROR;
				GCC_WARN_UNDECLARED_SELECTOR = YES;
				GCC_WARN_UNINITIALIZED_AUTOS = YES_AGGRESSIVE;
				GCC_WARN_UNUSED_FUNCTION = YES;
				GCC_WARN_UNUSED_VARIABLE = YES;
				IPHONEOS_DEPLOYMENT_TARGET = 10.3;
				MTL_ENABLE_DEBUG_INFO = YES;
				ONLY_ACTIVE_ARCH = YES;
				SDKROOT = iphoneos;
				TARGETED_DEVICE_FAMILY = "1,2";
			};
			name = Debug;
		};
		0E7693881EFE048900B847DB /* Release */ = {
			isa = XCBuildConfiguration;
			buildSettings = {
				ALWAYS_SEARCH_USER_PATHS = NO;
				CLANG_ANALYZER_NONNULL = YES;
				CLANG_ANALYZER_NUMBER_OBJECT_CONVERSION = YES_AGGRESSIVE;
				CLANG_CXX_LANGUAGE_STANDARD = "gnu++0x";
				CLANG_CXX_LIBRARY = "libc++";
				CLANG_ENABLE_MODULES = YES;
				CLANG_ENABLE_OBJC_ARC = YES;
				CLANG_WARN_BOOL_CONVERSION = YES;
				CLANG_WARN_CONSTANT_CONVERSION = YES;
				CLANG_WARN_DIRECT_OBJC_ISA_USAGE = YES_ERROR;
				CLANG_WARN_DOCUMENTATION_COMMENTS = YES;
				CLANG_WARN_EMPTY_BODY = YES;
				CLANG_WARN_ENUM_CONVERSION = YES;
				CLANG_WARN_INFINITE_RECURSION = YES;
				CLANG_WARN_INT_CONVERSION = YES;
				CLANG_WARN_OBJC_ROOT_CLASS = YES_ERROR;
				CLANG_WARN_SUSPICIOUS_MOVE = YES;
				CLANG_WARN_UNREACHABLE_CODE = YES;
				CLANG_WARN__DUPLICATE_METHOD_MATCH = YES;
				"CODE_SIGN_IDENTITY[sdk=iphoneos*]" = "iPhone Developer";
				COPY_PHASE_STRIP = NO;
				DEBUG_INFORMATION_FORMAT = "dwarf-with-dsym";
				ENABLE_NS_ASSERTIONS = NO;
				ENABLE_STRICT_OBJC_MSGSEND = YES;
				GCC_C_LANGUAGE_STANDARD = gnu99;
				GCC_NO_COMMON_BLOCKS = YES;
				GCC_WARN_64_TO_32_BIT_CONVERSION = YES;
				GCC_WARN_ABOUT_RETURN_TYPE = YES_ERROR;
				GCC_WARN_UNDECLARED_SELECTOR = YES;
				GCC_WARN_UNINITIALIZED_AUTOS = YES_AGGRESSIVE;
				GCC_WARN_UNUSED_FUNCTION = YES;
				GCC_WARN_UNUSED_VARIABLE = YES;
				IPHONEOS_DEPLOYMENT_TARGET = 10.3;
				MTL_ENABLE_DEBUG_INFO = NO;
				SDKROOT = iphoneos;
				TARGETED_DEVICE_FAMILY = "1,2";
				VALIDATE_PRODUCT = YES;
			};
			name = Release;
		};
		0E76938A1EFE048900B847DB /* Debug */ = {
			isa = XCBuildConfiguration;
			buildSettings = {
				ASSETCATALOG_COMPILER_APPICON_NAME = AppIcon;
				ASSETCATALOG_COMPILER_LAUNCHIMAGE_NAME = LaunchImage;
				DEVELOPMENT_TEAM = W6K43KA5J6;
				GCC_PRECOMPILE_PREFIX_HEADER = YES;
				GCC_PREFIX_HEADER = "NewsReader/NewsReader-prefix.pch";
				INFOPLIST_FILE = NewsReader/Info.plist;
				LD_RUNPATH_SEARCH_PATHS = "$(inherited) @executable_path/Frameworks";
				PRODUCT_BUNDLE_IDENTIFIER = com.lee.NewsReader;
				PRODUCT_NAME = "$(TARGET_NAME)";
			};
			name = Debug;
		};
		0E76938B1EFE048900B847DB /* Release */ = {
			isa = XCBuildConfiguration;
			buildSettings = {
				ASSETCATALOG_COMPILER_APPICON_NAME = AppIcon;
				ASSETCATALOG_COMPILER_LAUNCHIMAGE_NAME = LaunchImage;
				DEVELOPMENT_TEAM = W6K43KA5J6;
				GCC_PRECOMPILE_PREFIX_HEADER = YES;
				GCC_PREFIX_HEADER = "NewsReader/NewsReader-prefix.pch";
				INFOPLIST_FILE = NewsReader/Info.plist;
				LD_RUNPATH_SEARCH_PATHS = "$(inherited) @executable_path/Frameworks";
				PRODUCT_BUNDLE_IDENTIFIER = com.lee.NewsReader;
				PRODUCT_NAME = "$(TARGET_NAME)";
			};
			name = Release;
		};
		0E7693A01EFE132500B847DB /* AppStore */ = {
			isa = XCBuildConfiguration;
			buildSettings = {
				ALWAYS_SEARCH_USER_PATHS = NO;
				CLANG_ANALYZER_NONNULL = YES;
				CLANG_ANALYZER_NUMBER_OBJECT_CONVERSION = YES_AGGRESSIVE;
				CLANG_CXX_LANGUAGE_STANDARD = "gnu++0x";
				CLANG_CXX_LIBRARY = "libc++";
				CLANG_ENABLE_MODULES = YES;
				CLANG_ENABLE_OBJC_ARC = YES;
				CLANG_WARN_BOOL_CONVERSION = YES;
				CLANG_WARN_CONSTANT_CONVERSION = YES;
				CLANG_WARN_DIRECT_OBJC_ISA_USAGE = YES_ERROR;
				CLANG_WARN_DOCUMENTATION_COMMENTS = YES;
				CLANG_WARN_EMPTY_BODY = YES;
				CLANG_WARN_ENUM_CONVERSION = YES;
				CLANG_WARN_INFINITE_RECURSION = YES;
				CLANG_WARN_INT_CONVERSION = YES;
				CLANG_WARN_OBJC_ROOT_CLASS = YES_ERROR;
				CLANG_WARN_SUSPICIOUS_MOVE = YES;
				CLANG_WARN_UNREACHABLE_CODE = YES;
				CLANG_WARN__DUPLICATE_METHOD_MATCH = YES;
				"CODE_SIGN_IDENTITY[sdk=iphoneos*]" = "iPhone Developer";
				COPY_PHASE_STRIP = NO;
				DEBUG_INFORMATION_FORMAT = "dwarf-with-dsym";
				ENABLE_NS_ASSERTIONS = NO;
				ENABLE_STRICT_OBJC_MSGSEND = YES;
				GCC_C_LANGUAGE_STANDARD = gnu99;
				GCC_NO_COMMON_BLOCKS = YES;
				GCC_WARN_64_TO_32_BIT_CONVERSION = YES;
				GCC_WARN_ABOUT_RETURN_TYPE = YES_ERROR;
				GCC_WARN_UNDECLARED_SELECTOR = YES;
				GCC_WARN_UNINITIALIZED_AUTOS = YES_AGGRESSIVE;
				GCC_WARN_UNUSED_FUNCTION = YES;
				GCC_WARN_UNUSED_VARIABLE = YES;
				IPHONEOS_DEPLOYMENT_TARGET = 10.3;
				MTL_ENABLE_DEBUG_INFO = NO;
				SDKROOT = iphoneos;
				TARGETED_DEVICE_FAMILY = "1,2";
				VALIDATE_PRODUCT = YES;
			};
			name = AppStore;
		};
		0E7693A11EFE132500B847DB /* AppStore */ = {
			isa = XCBuildConfiguration;
			buildSettings = {
				ASSETCATALOG_COMPILER_APPICON_NAME = AppIcon;
				ASSETCATALOG_COMPILER_LAUNCHIMAGE_NAME = LaunchImage;
				DEVELOPMENT_TEAM = W6K43KA5J6;
				GCC_PRECOMPILE_PREFIX_HEADER = YES;
				GCC_PREFIX_HEADER = "NewsReader/NewsReader-prefix.pch";
				INFOPLIST_FILE = NewsReader/Info.plist;
				LD_RUNPATH_SEARCH_PATHS = "$(inherited) @executable_path/Frameworks";
				PRODUCT_BUNDLE_IDENTIFIER = com.lee.NewsReader;
				PRODUCT_NAME = "$(TARGET_NAME)";
			};
			name = AppStore;
		};
		0E7693A21EFE133A00B847DB /* Enterprise */ = {
			isa = XCBuildConfiguration;
			buildSettings = {
				ALWAYS_SEARCH_USER_PATHS = NO;
				CLANG_ANALYZER_NONNULL = YES;
				CLANG_ANALYZER_NUMBER_OBJECT_CONVERSION = YES_AGGRESSIVE;
				CLANG_CXX_LANGUAGE_STANDARD = "gnu++0x";
				CLANG_CXX_LIBRARY = "libc++";
				CLANG_ENABLE_MODULES = YES;
				CLANG_ENABLE_OBJC_ARC = YES;
				CLANG_WARN_BOOL_CONVERSION = YES;
				CLANG_WARN_CONSTANT_CONVERSION = YES;
				CLANG_WARN_DIRECT_OBJC_ISA_USAGE = YES_ERROR;
				CLANG_WARN_DOCUMENTATION_COMMENTS = YES;
				CLANG_WARN_EMPTY_BODY = YES;
				CLANG_WARN_ENUM_CONVERSION = YES;
				CLANG_WARN_INFINITE_RECURSION = YES;
				CLANG_WARN_INT_CONVERSION = YES;
				CLANG_WARN_OBJC_ROOT_CLASS = YES_ERROR;
				CLANG_WARN_SUSPICIOUS_MOVE = YES;
				CLANG_WARN_UNREACHABLE_CODE = YES;
				CLANG_WARN__DUPLICATE_METHOD_MATCH = YES;
				"CODE_SIGN_IDENTITY[sdk=iphoneos*]" = "iPhone Developer";
				COPY_PHASE_STRIP = NO;
				DEBUG_INFORMATION_FORMAT = "dwarf-with-dsym";
				ENABLE_NS_ASSERTIONS = NO;
				ENABLE_STRICT_OBJC_MSGSEND = YES;
				GCC_C_LANGUAGE_STANDARD = gnu99;
				GCC_NO_COMMON_BLOCKS = YES;
				GCC_WARN_64_TO_32_BIT_CONVERSION = YES;
				GCC_WARN_ABOUT_RETURN_TYPE = YES_ERROR;
				GCC_WARN_UNDECLARED_SELECTOR = YES;
				GCC_WARN_UNINITIALIZED_AUTOS = YES_AGGRESSIVE;
				GCC_WARN_UNUSED_FUNCTION = YES;
				GCC_WARN_UNUSED_VARIABLE = YES;
				IPHONEOS_DEPLOYMENT_TARGET = 10.3;
				MTL_ENABLE_DEBUG_INFO = NO;
				SDKROOT = iphoneos;
				TARGETED_DEVICE_FAMILY = "1,2";
				VALIDATE_PRODUCT = YES;
			};
			name = Enterprise;
		};
		0E7693A31EFE133A00B847DB /* Enterprise */ = {
			isa = XCBuildConfiguration;
			buildSettings = {
				ASSETCATALOG_COMPILER_APPICON_NAME = AppIcon;
				ASSETCATALOG_COMPILER_LAUNCHIMAGE_NAME = LaunchImage;
				DEVELOPMENT_TEAM = W6K43KA5J6;
				GCC_PRECOMPILE_PREFIX_HEADER = YES;
				GCC_PREFIX_HEADER = "NewsReader/NewsReader-prefix.pch";
				INFOPLIST_FILE = NewsReader/Info.plist;
				LD_RUNPATH_SEARCH_PATHS = "$(inherited) @executable_path/Frameworks";
				PRODUCT_BUNDLE_IDENTIFIER = com.lee.NewsReader;
				PRODUCT_NAME = "$(TARGET_NAME)";
			};
			name = Enterprise;
		};
		0E7693A41EFE134F00B847DB /* AdHoc */ = {
			isa = XCBuildConfiguration;
			buildSettings = {
				ALWAYS_SEARCH_USER_PATHS = NO;
				CLANG_ANALYZER_NONNULL = YES;
				CLANG_ANALYZER_NUMBER_OBJECT_CONVERSION = YES_AGGRESSIVE;
				CLANG_CXX_LANGUAGE_STANDARD = "gnu++0x";
				CLANG_CXX_LIBRARY = "libc++";
				CLANG_ENABLE_MODULES = YES;
				CLANG_ENABLE_OBJC_ARC = YES;
				CLANG_WARN_BOOL_CONVERSION = YES;
				CLANG_WARN_CONSTANT_CONVERSION = YES;
				CLANG_WARN_DIRECT_OBJC_ISA_USAGE = YES_ERROR;
				CLANG_WARN_DOCUMENTATION_COMMENTS = YES;
				CLANG_WARN_EMPTY_BODY = YES;
				CLANG_WARN_ENUM_CONVERSION = YES;
				CLANG_WARN_INFINITE_RECURSION = YES;
				CLANG_WARN_INT_CONVERSION = YES;
				CLANG_WARN_OBJC_ROOT_CLASS = YES_ERROR;
				CLANG_WARN_SUSPICIOUS_MOVE = YES;
				CLANG_WARN_UNREACHABLE_CODE = YES;
				CLANG_WARN__DUPLICATE_METHOD_MATCH = YES;
				"CODE_SIGN_IDENTITY[sdk=iphoneos*]" = "iPhone Developer";
				COPY_PHASE_STRIP = NO;
				DEBUG_INFORMATION_FORMAT = "dwarf-with-dsym";
				ENABLE_NS_ASSERTIONS = NO;
				ENABLE_STRICT_OBJC_MSGSEND = YES;
				GCC_C_LANGUAGE_STANDARD = gnu99;
				GCC_NO_COMMON_BLOCKS = YES;
				GCC_WARN_64_TO_32_BIT_CONVERSION = YES;
				GCC_WARN_ABOUT_RETURN_TYPE = YES_ERROR;
				GCC_WARN_UNDECLARED_SELECTOR = YES;
				GCC_WARN_UNINITIALIZED_AUTOS = YES_AGGRESSIVE;
				GCC_WARN_UNUSED_FUNCTION = YES;
				GCC_WARN_UNUSED_VARIABLE = YES;
				IPHONEOS_DEPLOYMENT_TARGET = 10.3;
				MTL_ENABLE_DEBUG_INFO = NO;
				SDKROOT = iphoneos;
				TARGETED_DEVICE_FAMILY = "1,2";
				VALIDATE_PRODUCT = YES;
			};
			name = AdHoc;
		};
		0E7693A51EFE134F00B847DB /* AdHoc */ = {
			isa = XCBuildConfiguration;
			buildSettings = {
				ASSETCATALOG_COMPILER_APPICON_NAME = AppIcon;
				ASSETCATALOG_COMPILER_LAUNCHIMAGE_NAME = LaunchImage;
				DEVELOPMENT_TEAM = W6K43KA5J6;
				GCC_PRECOMPILE_PREFIX_HEADER = YES;
				GCC_PREFIX_HEADER = "NewsReader/NewsReader-prefix.pch";
				INFOPLIST_FILE = NewsReader/Info.plist;
				LD_RUNPATH_SEARCH_PATHS = "$(inherited) @executable_path/Frameworks";
				PRODUCT_BUNDLE_IDENTIFIER = com.lee.NewsReader;
				PRODUCT_NAME = "$(TARGET_NAME)";
			};
			name = AdHoc;
		};
/* End XCBuildConfiguration section */

/* Begin XCConfigurationList section */
		0E76936D1EFE048900B847DB /* Build configuration list for PBXProject "NewsReader" */ = {
			isa = XCConfigurationList;
			buildConfigurations = (
				0E7693871EFE048900B847DB /* Debug */,
				0E7693881EFE048900B847DB /* Release */,
				0E7693A01EFE132500B847DB /* AppStore */,
				0E7693A41EFE134F00B847DB /* AdHoc */,
				0E7693A21EFE133A00B847DB /* Enterprise */,
			);
			defaultConfigurationIsVisible = 0;
			defaultConfigurationName = Release;
		};
		0E7693891EFE048900B847DB /* Build configuration list for PBXNativeTarget "NewsReader" */ = {
			isa = XCConfigurationList;
			buildConfigurations = (
				0E76938A1EFE048900B847DB /* Debug */,
				0E76938B1EFE048900B847DB /* Release */,
				0E7693A11EFE132500B847DB /* AppStore */,
				0E7693A51EFE134F00B847DB /* AdHoc */,
				0E7693A31EFE133A00B847DB /* Enterprise */,
			);
			defaultConfigurationIsVisible = 0;
			defaultConfigurationName = Release;
		};
/* End XCConfigurationList section */
	};
	rootObject = 0E76936A1EFE048900B847DB /* Project object */;
}
